// !$*UTF8*$!
{
	archiveVersion = 1;
	classes = {
	};
	objectVersion = 56;
	objects = {

/* Begin PBXBuildFile section */
		42211FC02C1B6286003DE79D /* HerosVIewModel.swift in Sources */ = {isa = PBXBuildFile; fileRef = 42211FBF2C1B6286003DE79D /* HerosVIewModel.swift */; };
		42211FC82C1B6BDE003DE79D /* HerosRowView.swift in Sources */ = {isa = PBXBuildFile; fileRef = 42211FC72C1B6BDE003DE79D /* HerosRowView.swift */; };
		42211FCA2C1B7E31003DE79D /* SeriesListView.swift in Sources */ = {isa = PBXBuildFile; fileRef = 42211FC92C1B7E31003DE79D /* SeriesListView.swift */; };
		42211FCC2C1B7E41003DE79D /* SeriesRowView.swift in Sources */ = {isa = PBXBuildFile; fileRef = 42211FCB2C1B7E41003DE79D /* SeriesRowView.swift */; };
		42211FD32C1CBF4C003DE79D /* RootView.swift in Sources */ = {isa = PBXBuildFile; fileRef = 42211FD22C1CBF4C003DE79D /* RootView.swift */; };
		42211FD72C1CC14F003DE79D /* ViewModelProtocol.swift in Sources */ = {isa = PBXBuildFile; fileRef = 42211FD62C1CC14F003DE79D /* ViewModelProtocol.swift */; };
		4227B7852C1CCE4B001CDB17 /* MainView.swift in Sources */ = {isa = PBXBuildFile; fileRef = 4227B7842C1CCE4B001CDB17 /* MainView.swift */; };
		4227B7872C1D5BF9001CDB17 /* SeriesViewModel.swift in Sources */ = {isa = PBXBuildFile; fileRef = 4227B7862C1D5BF9001CDB17 /* SeriesViewModel.swift */; };
		4227B7892C1D5C5B001CDB17 /* SeriesUseCase.swift in Sources */ = {isa = PBXBuildFile; fileRef = 4227B7882C1D5C5B001CDB17 /* SeriesUseCase.swift */; };
		4227B78B2C1D5C6D001CDB17 /* SeriesRepositoryProtocol.swift in Sources */ = {isa = PBXBuildFile; fileRef = 4227B78A2C1D5C6D001CDB17 /* SeriesRepositoryProtocol.swift */; };
		4227B78D2C1D5C76001CDB17 /* SeriesRepository.swift in Sources */ = {isa = PBXBuildFile; fileRef = 4227B78C2C1D5C76001CDB17 /* SeriesRepository.swift */; };
		424F75112C1F5A5700F69910 /* MarvelAppLibrary in Frameworks */ = {isa = PBXBuildFile; productRef = 424F75102C1F5A5700F69910 /* MarvelAppLibrary */; };
		425C1C2D2C1D95B100E9CDBC /* HerosListView.swift in Sources */ = {isa = PBXBuildFile; fileRef = 425C1C2C2C1D95B100E9CDBC /* HerosListView.swift */; };
		427D1D062C1EF708005BC2D4 /* SettingsViewTest.swift in Sources */ = {isa = PBXBuildFile; fileRef = 427D1D052C1EF708005BC2D4 /* SettingsViewTest.swift */; };
		427D1D092C1EF824005BC2D4 /* SeriesViewModelTest.swift in Sources */ = {isa = PBXBuildFile; fileRef = 427D1D082C1EF824005BC2D4 /* SeriesViewModelTest.swift */; };
		427D1D0B2C1EFF6A005BC2D4 /* SeriesListViewTest.swift in Sources */ = {isa = PBXBuildFile; fileRef = 427D1D0A2C1EFF6A005BC2D4 /* SeriesListViewTest.swift */; };
		427D1D0D2C1F01B3005BC2D4 /* SeriesRowViewTest.swift in Sources */ = {isa = PBXBuildFile; fileRef = 427D1D0C2C1F01B3005BC2D4 /* SeriesRowViewTest.swift */; };
		427D1D102C1F03D7005BC2D4 /* DetailViewTest.swift in Sources */ = {isa = PBXBuildFile; fileRef = 427D1D0F2C1F03D7005BC2D4 /* DetailViewTest.swift */; };
		427D1D132C1F065F005BC2D4 /* HerosViewModelTest.swift in Sources */ = {isa = PBXBuildFile; fileRef = 427D1D122C1F065F005BC2D4 /* HerosViewModelTest.swift */; };
		427D1D152C1F077D005BC2D4 /* HerosListViewTest.swift in Sources */ = {isa = PBXBuildFile; fileRef = 427D1D142C1F077D005BC2D4 /* HerosListViewTest.swift */; };
		427D1D172C1F0A13005BC2D4 /* HerosRowViewTest.swift in Sources */ = {isa = PBXBuildFile; fileRef = 427D1D162C1F0A13005BC2D4 /* HerosRowViewTest.swift */; };
		427D1D192C1F0B43005BC2D4 /* HerosViewTest.swift in Sources */ = {isa = PBXBuildFile; fileRef = 427D1D182C1F0B43005BC2D4 /* HerosViewTest.swift */; };
		427D1D1B2C1F1A74005BC2D4 /* MainViewTest.swift in Sources */ = {isa = PBXBuildFile; fileRef = 427D1D1A2C1F1A74005BC2D4 /* MainViewTest.swift */; };
		427D1D1D2C1F2640005BC2D4 /* RootViewTest.swift in Sources */ = {isa = PBXBuildFile; fileRef = 427D1D1C2C1F2640005BC2D4 /* RootViewTest.swift */; };
		4293CA402C1F4DC400806352 /* HerosRepositoryTest.swift in Sources */ = {isa = PBXBuildFile; fileRef = 4293CA3F2C1F4DC300806352 /* HerosRepositoryTest.swift */; };
		4293CA422C1F506800806352 /* SeriesRepositoryTest.swift in Sources */ = {isa = PBXBuildFile; fileRef = 4293CA412C1F506800806352 /* SeriesRepositoryTest.swift */; };
		4293CA472C1F52A800806352 /* SeriesUseCaseTest.swift in Sources */ = {isa = PBXBuildFile; fileRef = 4293CA462C1F52A800806352 /* SeriesUseCaseTest.swift */; };
		4293CA492C1F542F00806352 /* HerosUseCaseTest.swift in Sources */ = {isa = PBXBuildFile; fileRef = 4293CA482C1F542F00806352 /* HerosUseCaseTest.swift */; };
		4293CA4B2C1F550600806352 /* StatusTest.swift in Sources */ = {isa = PBXBuildFile; fileRef = 4293CA4A2C1F550600806352 /* StatusTest.swift */; };
		42B5E06E2C1E2611007ECB07 /* SettingsView.swift in Sources */ = {isa = PBXBuildFile; fileRef = 42B5E06D2C1E2611007ECB07 /* SettingsView.swift */; };
		42B5E0712C1EBEA0007ECB07 /* ViewInspector in Frameworks */ = {isa = PBXBuildFile; productRef = 42B5E0702C1EBEA0007ECB07 /* ViewInspector */; };
		42B5E07A2C1ECBDF007ECB07 /* TestErrorView.swift in Sources */ = {isa = PBXBuildFile; fileRef = 42B5E0792C1ECBDF007ECB07 /* TestErrorView.swift */; };
		42B5E07C2C1ECC2E007ECB07 /* TestSubViews.swift in Sources */ = {isa = PBXBuildFile; fileRef = 42B5E07B2C1ECC2E007ECB07 /* TestSubViews.swift */; };
		42B5E07E2C1ECC9C007ECB07 /* TestLoadingView.swift in Sources */ = {isa = PBXBuildFile; fileRef = 42B5E07D2C1ECC9C007ECB07 /* TestLoadingView.swift */; };
		42E8F6F12C1A39290042F91B /* RealityKitContent in Frameworks */ = {isa = PBXBuildFile; productRef = 42E8F6F02C1A39290042F91B /* RealityKitContent */; };
		42E8F6F32C1A39290042F91B /* Practica_VisionPROApp.swift in Sources */ = {isa = PBXBuildFile; fileRef = 42E8F6F22C1A39290042F91B /* Practica_VisionPROApp.swift */; };
		42E8F6F92C1A392B0042F91B /* Assets.xcassets in Resources */ = {isa = PBXBuildFile; fileRef = 42E8F6F82C1A392B0042F91B /* Assets.xcassets */; };
		42E8F6FC2C1A392B0042F91B /* Preview Assets.xcassets in Resources */ = {isa = PBXBuildFile; fileRef = 42E8F6FB2C1A392B0042F91B /* Preview Assets.xcassets */; };
		42E8F7242C1A3B100042F91B /* HerosView.swift in Sources */ = {isa = PBXBuildFile; fileRef = 42E8F7232C1A3B100042F91B /* HerosView.swift */; };
		42E8F7262C1A3B250042F91B /* DetailView.swift in Sources */ = {isa = PBXBuildFile; fileRef = 42E8F7252C1A3B250042F91B /* DetailView.swift */; };
		42E8F7282C1A3B3D0042F91B /* ErrorView.swift in Sources */ = {isa = PBXBuildFile; fileRef = 42E8F7272C1A3B3D0042F91B /* ErrorView.swift */; };
		42E8F72A2C1A3B4C0042F91B /* LoadingView.swift in Sources */ = {isa = PBXBuildFile; fileRef = 42E8F7292C1A3B4C0042F91B /* LoadingView.swift */; };
		42E8F72C2C1A3B5A0042F91B /* SubViews.swift in Sources */ = {isa = PBXBuildFile; fileRef = 42E8F72B2C1A3B5A0042F91B /* SubViews.swift */; };
		42E8F7322C1A3BC10042F91B /* Status.swift in Sources */ = {isa = PBXBuildFile; fileRef = 42E8F7312C1A3BC00042F91B /* Status.swift */; };
		42E8F7362C1A3CC50042F91B /* HerosRepository.swift in Sources */ = {isa = PBXBuildFile; fileRef = 42E8F7352C1A3CC50042F91B /* HerosRepository.swift */; };
		42E8F73A2C1A3D0A0042F91B /* HerosRepositoryProtocol.swift in Sources */ = {isa = PBXBuildFile; fileRef = 42E8F7392C1A3D0A0042F91B /* HerosRepositoryProtocol.swift */; };
		42E8F73E2C1A3D4A0042F91B /* HerosUseCase.swift in Sources */ = {isa = PBXBuildFile; fileRef = 42E8F73D2C1A3D4A0042F91B /* HerosUseCase.swift */; };
/* End PBXBuildFile section */

/* Begin PBXContainerItemProxy section */
		42E8F7032C1A392B0042F91B /* PBXContainerItemProxy */ = {
			isa = PBXContainerItemProxy;
			containerPortal = 42E8F6E32C1A39280042F91B /* Project object */;
			proxyType = 1;
			remoteGlobalIDString = 42E8F6EA2C1A39280042F91B;
			remoteInfo = Practica_VisionPRO;
		};
/* End PBXContainerItemProxy section */

/* Begin PBXFileReference section */
		42211FBF2C1B6286003DE79D /* HerosVIewModel.swift */ = {isa = PBXFileReference; fileEncoding = 4; lastKnownFileType = sourcecode.swift; path = HerosVIewModel.swift; sourceTree = "<group>"; };
		42211FC72C1B6BDE003DE79D /* HerosRowView.swift */ = {isa = PBXFileReference; lastKnownFileType = sourcecode.swift; path = HerosRowView.swift; sourceTree = "<group>"; };
		42211FC92C1B7E31003DE79D /* SeriesListView.swift */ = {isa = PBXFileReference; lastKnownFileType = sourcecode.swift; path = SeriesListView.swift; sourceTree = "<group>"; };
		42211FCB2C1B7E41003DE79D /* SeriesRowView.swift */ = {isa = PBXFileReference; lastKnownFileType = sourcecode.swift; path = SeriesRowView.swift; sourceTree = "<group>"; };
		42211FD22C1CBF4C003DE79D /* RootView.swift */ = {isa = PBXFileReference; lastKnownFileType = sourcecode.swift; path = RootView.swift; sourceTree = "<group>"; };
		42211FD62C1CC14F003DE79D /* ViewModelProtocol.swift */ = {isa = PBXFileReference; lastKnownFileType = sourcecode.swift; path = ViewModelProtocol.swift; sourceTree = "<group>"; };
		4227B7842C1CCE4B001CDB17 /* MainView.swift */ = {isa = PBXFileReference; lastKnownFileType = sourcecode.swift; path = MainView.swift; sourceTree = "<group>"; };
		4227B7862C1D5BF9001CDB17 /* SeriesViewModel.swift */ = {isa = PBXFileReference; lastKnownFileType = sourcecode.swift; path = SeriesViewModel.swift; sourceTree = "<group>"; };
		4227B7882C1D5C5B001CDB17 /* SeriesUseCase.swift */ = {isa = PBXFileReference; fileEncoding = 4; lastKnownFileType = sourcecode.swift; path = SeriesUseCase.swift; sourceTree = "<group>"; };
		4227B78A2C1D5C6D001CDB17 /* SeriesRepositoryProtocol.swift */ = {isa = PBXFileReference; fileEncoding = 4; lastKnownFileType = sourcecode.swift; path = SeriesRepositoryProtocol.swift; sourceTree = "<group>"; };
		4227B78C2C1D5C76001CDB17 /* SeriesRepository.swift */ = {isa = PBXFileReference; fileEncoding = 4; lastKnownFileType = sourcecode.swift; path = SeriesRepository.swift; sourceTree = "<group>"; };
		425C1C2C2C1D95B100E9CDBC /* HerosListView.swift */ = {isa = PBXFileReference; lastKnownFileType = sourcecode.swift; path = HerosListView.swift; sourceTree = "<group>"; };
		427D1D052C1EF708005BC2D4 /* SettingsViewTest.swift */ = {isa = PBXFileReference; lastKnownFileType = sourcecode.swift; path = SettingsViewTest.swift; sourceTree = "<group>"; };
		427D1D082C1EF824005BC2D4 /* SeriesViewModelTest.swift */ = {isa = PBXFileReference; lastKnownFileType = sourcecode.swift; path = SeriesViewModelTest.swift; sourceTree = "<group>"; };
		427D1D0A2C1EFF6A005BC2D4 /* SeriesListViewTest.swift */ = {isa = PBXFileReference; lastKnownFileType = sourcecode.swift; path = SeriesListViewTest.swift; sourceTree = "<group>"; };
		427D1D0C2C1F01B3005BC2D4 /* SeriesRowViewTest.swift */ = {isa = PBXFileReference; lastKnownFileType = sourcecode.swift; path = SeriesRowViewTest.swift; sourceTree = "<group>"; };
		427D1D0F2C1F03D7005BC2D4 /* DetailViewTest.swift */ = {isa = PBXFileReference; lastKnownFileType = sourcecode.swift; path = DetailViewTest.swift; sourceTree = "<group>"; };
		427D1D122C1F065F005BC2D4 /* HerosViewModelTest.swift */ = {isa = PBXFileReference; lastKnownFileType = sourcecode.swift; path = HerosViewModelTest.swift; sourceTree = "<group>"; };
		427D1D142C1F077D005BC2D4 /* HerosListViewTest.swift */ = {isa = PBXFileReference; lastKnownFileType = sourcecode.swift; path = HerosListViewTest.swift; sourceTree = "<group>"; };
		427D1D162C1F0A13005BC2D4 /* HerosRowViewTest.swift */ = {isa = PBXFileReference; lastKnownFileType = sourcecode.swift; path = HerosRowViewTest.swift; sourceTree = "<group>"; };
		427D1D182C1F0B43005BC2D4 /* HerosViewTest.swift */ = {isa = PBXFileReference; lastKnownFileType = sourcecode.swift; path = HerosViewTest.swift; sourceTree = "<group>"; };
		427D1D1A2C1F1A74005BC2D4 /* MainViewTest.swift */ = {isa = PBXFileReference; lastKnownFileType = sourcecode.swift; path = MainViewTest.swift; sourceTree = "<group>"; };
		427D1D1C2C1F2640005BC2D4 /* RootViewTest.swift */ = {isa = PBXFileReference; lastKnownFileType = sourcecode.swift; path = RootViewTest.swift; sourceTree = "<group>"; };
		4293CA3F2C1F4DC300806352 /* HerosRepositoryTest.swift */ = {isa = PBXFileReference; lastKnownFileType = sourcecode.swift; path = HerosRepositoryTest.swift; sourceTree = "<group>"; };
		4293CA412C1F506800806352 /* SeriesRepositoryTest.swift */ = {isa = PBXFileReference; lastKnownFileType = sourcecode.swift; path = SeriesRepositoryTest.swift; sourceTree = "<group>"; };
		4293CA462C1F52A800806352 /* SeriesUseCaseTest.swift */ = {isa = PBXFileReference; lastKnownFileType = sourcecode.swift; path = SeriesUseCaseTest.swift; sourceTree = "<group>"; };
		4293CA482C1F542F00806352 /* HerosUseCaseTest.swift */ = {isa = PBXFileReference; lastKnownFileType = sourcecode.swift; path = HerosUseCaseTest.swift; sourceTree = "<group>"; };
		4293CA4A2C1F550600806352 /* StatusTest.swift */ = {isa = PBXFileReference; lastKnownFileType = sourcecode.swift; path = StatusTest.swift; sourceTree = "<group>"; };
		42B5E06D2C1E2611007ECB07 /* SettingsView.swift */ = {isa = PBXFileReference; lastKnownFileType = sourcecode.swift; path = SettingsView.swift; sourceTree = "<group>"; };
		42B5E0792C1ECBDF007ECB07 /* TestErrorView.swift */ = {isa = PBXFileReference; lastKnownFileType = sourcecode.swift; path = TestErrorView.swift; sourceTree = "<group>"; };
		42B5E07B2C1ECC2E007ECB07 /* TestSubViews.swift */ = {isa = PBXFileReference; lastKnownFileType = sourcecode.swift; path = TestSubViews.swift; sourceTree = "<group>"; };
		42B5E07D2C1ECC9C007ECB07 /* TestLoadingView.swift */ = {isa = PBXFileReference; lastKnownFileType = sourcecode.swift; path = TestLoadingView.swift; sourceTree = "<group>"; };
		42E8F6EB2C1A39280042F91B /* Practica_VisionPRO.app */ = {isa = PBXFileReference; explicitFileType = wrapper.application; includeInIndex = 0; path = Practica_VisionPRO.app; sourceTree = BUILT_PRODUCTS_DIR; };
		42E8F6EF2C1A39290042F91B /* RealityKitContent */ = {isa = PBXFileReference; lastKnownFileType = wrapper; path = RealityKitContent; sourceTree = "<group>"; };
		42E8F6F22C1A39290042F91B /* Practica_VisionPROApp.swift */ = {isa = PBXFileReference; lastKnownFileType = sourcecode.swift; path = Practica_VisionPROApp.swift; sourceTree = "<group>"; };
		42E8F6F82C1A392B0042F91B /* Assets.xcassets */ = {isa = PBXFileReference; lastKnownFileType = folder.assetcatalog; path = Assets.xcassets; sourceTree = "<group>"; };
		42E8F6FB2C1A392B0042F91B /* Preview Assets.xcassets */ = {isa = PBXFileReference; lastKnownFileType = folder.assetcatalog; path = "Preview Assets.xcassets"; sourceTree = "<group>"; };
		42E8F6FD2C1A392B0042F91B /* Info.plist */ = {isa = PBXFileReference; lastKnownFileType = text.plist.xml; path = Info.plist; sourceTree = "<group>"; };
		42E8F7022C1A392B0042F91B /* Practica_VisionPROTests.xctest */ = {isa = PBXFileReference; explicitFileType = wrapper.cfbundle; includeInIndex = 0; path = Practica_VisionPROTests.xctest; sourceTree = BUILT_PRODUCTS_DIR; };
		42E8F7232C1A3B100042F91B /* HerosView.swift */ = {isa = PBXFileReference; lastKnownFileType = sourcecode.swift; path = HerosView.swift; sourceTree = "<group>"; };
		42E8F7252C1A3B250042F91B /* DetailView.swift */ = {isa = PBXFileReference; lastKnownFileType = sourcecode.swift; path = DetailView.swift; sourceTree = "<group>"; };
		42E8F7272C1A3B3D0042F91B /* ErrorView.swift */ = {isa = PBXFileReference; lastKnownFileType = sourcecode.swift; path = ErrorView.swift; sourceTree = "<group>"; };
		42E8F7292C1A3B4C0042F91B /* LoadingView.swift */ = {isa = PBXFileReference; lastKnownFileType = sourcecode.swift; path = LoadingView.swift; sourceTree = "<group>"; };
		42E8F72B2C1A3B5A0042F91B /* SubViews.swift */ = {isa = PBXFileReference; lastKnownFileType = sourcecode.swift; path = SubViews.swift; sourceTree = "<group>"; };
		42E8F7312C1A3BC00042F91B /* Status.swift */ = {isa = PBXFileReference; lastKnownFileType = sourcecode.swift; path = Status.swift; sourceTree = "<group>"; };
		42E8F7352C1A3CC50042F91B /* HerosRepository.swift */ = {isa = PBXFileReference; lastKnownFileType = sourcecode.swift; path = HerosRepository.swift; sourceTree = "<group>"; };
		42E8F7392C1A3D0A0042F91B /* HerosRepositoryProtocol.swift */ = {isa = PBXFileReference; lastKnownFileType = sourcecode.swift; path = HerosRepositoryProtocol.swift; sourceTree = "<group>"; };
		42E8F73D2C1A3D4A0042F91B /* HerosUseCase.swift */ = {isa = PBXFileReference; lastKnownFileType = sourcecode.swift; path = HerosUseCase.swift; sourceTree = "<group>"; };
/* End PBXFileReference section */

/* Begin PBXFrameworksBuildPhase section */
		42E8F6E82C1A39280042F91B /* Frameworks */ = {
			isa = PBXFrameworksBuildPhase;
			buildActionMask = 2147483647;
			files = (
				42E8F6F12C1A39290042F91B /* RealityKitContent in Frameworks */,
				424F75112C1F5A5700F69910 /* MarvelAppLibrary in Frameworks */,
			);
			runOnlyForDeploymentPostprocessing = 0;
		};
		42E8F6FF2C1A392B0042F91B /* Frameworks */ = {
			isa = PBXFrameworksBuildPhase;
			buildActionMask = 2147483647;
			files = (
				42B5E0712C1EBEA0007ECB07 /* ViewInspector in Frameworks */,
			);
			runOnlyForDeploymentPostprocessing = 0;
		};
/* End PBXFrameworksBuildPhase section */

/* Begin PBXGroup section */
		42211FCD2C1B7F62003DE79D /* SeriesView */ = {
			isa = PBXGroup;
			children = (
				42211FCB2C1B7E41003DE79D /* SeriesRowView.swift */,
				42211FC92C1B7E31003DE79D /* SeriesListView.swift */,
				4227B7862C1D5BF9001CDB17 /* SeriesViewModel.swift */,
			);
			path = SeriesView;
			sourceTree = "<group>";
		};
		42211FCE2C1B7F74003DE79D /* DetailView */ = {
			isa = PBXGroup;
			children = (
				42E8F7252C1A3B250042F91B /* DetailView.swift */,
			);
			path = DetailView;
			sourceTree = "<group>";
		};
		425C1C2E2C1D9DC000E9CDBC /* HerosListView */ = {
			isa = PBXGroup;
			children = (
				42211FC72C1B6BDE003DE79D /* HerosRowView.swift */,
				425C1C2C2C1D95B100E9CDBC /* HerosListView.swift */,
				42211FBF2C1B6286003DE79D /* HerosVIewModel.swift */,
			);
			path = HerosListView;
			sourceTree = "<group>";
		};
		427D1D072C1EF803005BC2D4 /* SeriesView */ = {
			isa = PBXGroup;
			children = (
				427D1D0C2C1F01B3005BC2D4 /* SeriesRowViewTest.swift */,
				427D1D0A2C1EFF6A005BC2D4 /* SeriesListViewTest.swift */,
				427D1D082C1EF824005BC2D4 /* SeriesViewModelTest.swift */,
			);
			path = SeriesView;
			sourceTree = "<group>";
		};
		427D1D0E2C1F03C3005BC2D4 /* DetailView */ = {
			isa = PBXGroup;
			children = (
				427D1D0F2C1F03D7005BC2D4 /* DetailViewTest.swift */,
			);
			path = DetailView;
			sourceTree = "<group>";
		};
		427D1D112C1F0644005BC2D4 /* HerosListView */ = {
			isa = PBXGroup;
			children = (
				427D1D162C1F0A13005BC2D4 /* HerosRowViewTest.swift */,
				427D1D142C1F077D005BC2D4 /* HerosListViewTest.swift */,
				427D1D122C1F065F005BC2D4 /* HerosViewModelTest.swift */,
			);
			path = HerosListView;
			sourceTree = "<group>";
		};
		4293CA3C2C1F4D3400806352 /* Data */ = {
			isa = PBXGroup;
			children = (
				4293CA3E2C1F4D6700806352 /* Repositories */,
			);
			path = Data;
			sourceTree = "<group>";
		};
		4293CA3D2C1F4D5A00806352 /* Domain */ = {
			isa = PBXGroup;
			children = (
				4293CA452C1F524800806352 /* Entities */,
				4293CA442C1F524300806352 /* UseCases */,
				4293CA432C1F523B00806352 /* Protocols */,
			);
			path = Domain;
			sourceTree = "<group>";
		};
		4293CA3E2C1F4D6700806352 /* Repositories */ = {
			isa = PBXGroup;
			children = (
				4293CA3F2C1F4DC300806352 /* HerosRepositoryTest.swift */,
				4293CA412C1F506800806352 /* SeriesRepositoryTest.swift */,
			);
			path = Repositories;
			sourceTree = "<group>";
		};
		4293CA432C1F523B00806352 /* Protocols */ = {
			isa = PBXGroup;
			children = (
			);
			path = Protocols;
			sourceTree = "<group>";
		};
		4293CA442C1F524300806352 /* UseCases */ = {
			isa = PBXGroup;
			children = (
				4293CA482C1F542F00806352 /* HerosUseCaseTest.swift */,
				4293CA462C1F52A800806352 /* SeriesUseCaseTest.swift */,
			);
			path = UseCases;
			sourceTree = "<group>";
		};
		4293CA452C1F524800806352 /* Entities */ = {
			isa = PBXGroup;
			children = (
				4293CA4A2C1F550600806352 /* StatusTest.swift */,
			);
			path = Entities;
			sourceTree = "<group>";
		};
		42B5E06C2C1E25F8007ECB07 /* Settings */ = {
			isa = PBXGroup;
			children = (
				42B5E06D2C1E2611007ECB07 /* SettingsView.swift */,
			);
			path = Settings;
			sourceTree = "<group>";
		};
		42B5E0722C1ECB7A007ECB07 /* Presentations */ = {
			isa = PBXGroup;
			children = (
				42B5E0732C1ECB84007ECB07 /* Views */,
			);
			path = Presentations;
			sourceTree = "<group>";
		};
		42B5E0732C1ECB84007ECB07 /* Views */ = {
			isa = PBXGroup;
			children = (
				427D1D1A2C1F1A74005BC2D4 /* MainViewTest.swift */,
				42B5E0772C1ECBA4007ECB07 /* Root */,
				42B5E0762C1ECB9D007ECB07 /* Heros */,
				42B5E0752C1ECB96007ECB07 /* Settings */,
				42B5E0742C1ECB8E007ECB07 /* Tools */,
			);
			path = Views;
			sourceTree = "<group>";
		};
		42B5E0742C1ECB8E007ECB07 /* Tools */ = {
			isa = PBXGroup;
			children = (
				42B5E0792C1ECBDF007ECB07 /* TestErrorView.swift */,
				42B5E07D2C1ECC9C007ECB07 /* TestLoadingView.swift */,
				42B5E07B2C1ECC2E007ECB07 /* TestSubViews.swift */,
			);
			path = Tools;
			sourceTree = "<group>";
		};
		42B5E0752C1ECB96007ECB07 /* Settings */ = {
			isa = PBXGroup;
			children = (
				427D1D052C1EF708005BC2D4 /* SettingsViewTest.swift */,
			);
			path = Settings;
			sourceTree = "<group>";
		};
		42B5E0762C1ECB9D007ECB07 /* Heros */ = {
			isa = PBXGroup;
			children = (
				427D1D182C1F0B43005BC2D4 /* HerosViewTest.swift */,
				427D1D112C1F0644005BC2D4 /* HerosListView */,
				427D1D0E2C1F03C3005BC2D4 /* DetailView */,
				427D1D072C1EF803005BC2D4 /* SeriesView */,
			);
			path = Heros;
			sourceTree = "<group>";
		};
		42B5E0772C1ECBA4007ECB07 /* Root */ = {
			isa = PBXGroup;
			children = (
				427D1D1C2C1F2640005BC2D4 /* RootViewTest.swift */,
			);
			path = Root;
			sourceTree = "<group>";
		};
		42E8F6E22C1A39280042F91B = {
			isa = PBXGroup;
			children = (
				42E8F6ED2C1A39280042F91B /* Practica_VisionPRO */,
				42E8F6EE2C1A39290042F91B /* Packages */,
				42E8F7052C1A392B0042F91B /* Practica_VisionPROTests */,
				42E8F6EC2C1A39280042F91B /* Products */,
				42E8F7152C1A3A240042F91B /* Frameworks */,
			);
			sourceTree = "<group>";
		};
		42E8F6EC2C1A39280042F91B /* Products */ = {
			isa = PBXGroup;
			children = (
				42E8F6EB2C1A39280042F91B /* Practica_VisionPRO.app */,
				42E8F7022C1A392B0042F91B /* Practica_VisionPROTests.xctest */,
			);
			name = Products;
			sourceTree = "<group>";
		};
		42E8F6ED2C1A39280042F91B /* Practica_VisionPRO */ = {
			isa = PBXGroup;
			children = (
				42E8F7132C1A39CC0042F91B /* Presentations */,
				42E8F7122C1A39C90042F91B /* Domain */,
				42E8F7112C1A39C60042F91B /* Data */,
				42E8F7102C1A39AD0042F91B /* Resources */,
				42E8F6F22C1A39290042F91B /* Practica_VisionPROApp.swift */,
				42E8F6FD2C1A392B0042F91B /* Info.plist */,
				42E8F6FA2C1A392B0042F91B /* Preview Content */,
			);
			path = Practica_VisionPRO;
			sourceTree = "<group>";
		};
		42E8F6EE2C1A39290042F91B /* Packages */ = {
			isa = PBXGroup;
			children = (
				42E8F6EF2C1A39290042F91B /* RealityKitContent */,
			);
			path = Packages;
			sourceTree = "<group>";
		};
		42E8F6FA2C1A392B0042F91B /* Preview Content */ = {
			isa = PBXGroup;
			children = (
				42E8F6FB2C1A392B0042F91B /* Preview Assets.xcassets */,
			);
			path = "Preview Content";
			sourceTree = "<group>";
		};
		42E8F7052C1A392B0042F91B /* Practica_VisionPROTests */ = {
			isa = PBXGroup;
			children = (
				42B5E0722C1ECB7A007ECB07 /* Presentations */,
				4293CA3D2C1F4D5A00806352 /* Domain */,
				4293CA3C2C1F4D3400806352 /* Data */,
			);
			path = Practica_VisionPROTests;
			sourceTree = "<group>";
		};
		42E8F7102C1A39AD0042F91B /* Resources */ = {
			isa = PBXGroup;
			children = (
				42E8F6F82C1A392B0042F91B /* Assets.xcassets */,
			);
			path = Resources;
			sourceTree = "<group>";
		};
		42E8F7112C1A39C60042F91B /* Data */ = {
			isa = PBXGroup;
			children = (
				42E8F7182C1A3A6E0042F91B /* Repositories */,
			);
			path = Data;
			sourceTree = "<group>";
		};
		42E8F7122C1A39C90042F91B /* Domain */ = {
			isa = PBXGroup;
			children = (
				42E8F71B2C1A3AAC0042F91B /* Entities */,
				42E8F71A2C1A3AA20042F91B /* UseCases */,
				42E8F7192C1A3A990042F91B /* Protocols */,
			);
			path = Domain;
			sourceTree = "<group>";
		};
		42E8F7132C1A39CC0042F91B /* Presentations */ = {
			isa = PBXGroup;
			children = (
				42E8F71C2C1A3ABA0042F91B /* Views */,
			);
			path = Presentations;
			sourceTree = "<group>";
		};
		42E8F7152C1A3A240042F91B /* Frameworks */ = {
			isa = PBXGroup;
			children = (
			);
			name = Frameworks;
			sourceTree = "<group>";
		};
		42E8F7182C1A3A6E0042F91B /* Repositories */ = {
			isa = PBXGroup;
			children = (
				42E8F7352C1A3CC50042F91B /* HerosRepository.swift */,
				4227B78C2C1D5C76001CDB17 /* SeriesRepository.swift */,
			);
			path = Repositories;
			sourceTree = "<group>";
		};
		42E8F7192C1A3A990042F91B /* Protocols */ = {
			isa = PBXGroup;
			children = (
				42E8F7392C1A3D0A0042F91B /* HerosRepositoryProtocol.swift */,
				4227B78A2C1D5C6D001CDB17 /* SeriesRepositoryProtocol.swift */,
				42211FD62C1CC14F003DE79D /* ViewModelProtocol.swift */,
			);
			path = Protocols;
			sourceTree = "<group>";
		};
		42E8F71A2C1A3AA20042F91B /* UseCases */ = {
			isa = PBXGroup;
			children = (
				42E8F73D2C1A3D4A0042F91B /* HerosUseCase.swift */,
				4227B7882C1D5C5B001CDB17 /* SeriesUseCase.swift */,
			);
			path = UseCases;
			sourceTree = "<group>";
		};
		42E8F71B2C1A3AAC0042F91B /* Entities */ = {
			isa = PBXGroup;
			children = (
				42E8F7312C1A3BC00042F91B /* Status.swift */,
			);
			path = Entities;
			sourceTree = "<group>";
		};
		42E8F71C2C1A3ABA0042F91B /* Views */ = {
			isa = PBXGroup;
			children = (
				4227B7842C1CCE4B001CDB17 /* MainView.swift */,
				42E8F7202C1A3ADF0042F91B /* Root */,
				42E8F71E2C1A3AD00042F91B /* Heros */,
				42B5E06C2C1E25F8007ECB07 /* Settings */,
				42E8F71D2C1A3AC40042F91B /* Tools */,
			);
			path = Views;
			sourceTree = "<group>";
		};
		42E8F71D2C1A3AC40042F91B /* Tools */ = {
			isa = PBXGroup;
			children = (
				42E8F7272C1A3B3D0042F91B /* ErrorView.swift */,
				42E8F7292C1A3B4C0042F91B /* LoadingView.swift */,
				42E8F72B2C1A3B5A0042F91B /* SubViews.swift */,
			);
			path = Tools;
			sourceTree = "<group>";
		};
		42E8F71E2C1A3AD00042F91B /* Heros */ = {
			isa = PBXGroup;
			children = (
				42E8F7232C1A3B100042F91B /* HerosView.swift */,
				425C1C2E2C1D9DC000E9CDBC /* HerosListView */,
				42211FCE2C1B7F74003DE79D /* DetailView */,
				42211FCD2C1B7F62003DE79D /* SeriesView */,
			);
			path = Heros;
			sourceTree = "<group>";
		};
		42E8F7202C1A3ADF0042F91B /* Root */ = {
			isa = PBXGroup;
			children = (
				42211FD22C1CBF4C003DE79D /* RootView.swift */,
			);
			path = Root;
			sourceTree = "<group>";
		};
/* End PBXGroup section */

/* Begin PBXNativeTarget section */
		42E8F6EA2C1A39280042F91B /* Practica_VisionPRO */ = {
			isa = PBXNativeTarget;
			buildConfigurationList = 42E8F70A2C1A392B0042F91B /* Build configuration list for PBXNativeTarget "Practica_VisionPRO" */;
			buildPhases = (
				42E8F6E72C1A39280042F91B /* Sources */,
				42E8F6E82C1A39280042F91B /* Frameworks */,
				42E8F6E92C1A39280042F91B /* Resources */,
			);
			buildRules = (
			);
			dependencies = (
			);
			name = Practica_VisionPRO;
			packageProductDependencies = (
				42E8F6F02C1A39290042F91B /* RealityKitContent */,
				424F75102C1F5A5700F69910 /* MarvelAppLibrary */,
			);
			productName = Practica_VisionPRO;
			productReference = 42E8F6EB2C1A39280042F91B /* Practica_VisionPRO.app */;
			productType = "com.apple.product-type.application";
		};
		42E8F7012C1A392B0042F91B /* Practica_VisionPROTests */ = {
			isa = PBXNativeTarget;
			buildConfigurationList = 42E8F70D2C1A392B0042F91B /* Build configuration list for PBXNativeTarget "Practica_VisionPROTests" */;
			buildPhases = (
				42E8F6FE2C1A392B0042F91B /* Sources */,
				42E8F6FF2C1A392B0042F91B /* Frameworks */,
				42E8F7002C1A392B0042F91B /* Resources */,
			);
			buildRules = (
			);
			dependencies = (
				42E8F7042C1A392B0042F91B /* PBXTargetDependency */,
			);
			name = Practica_VisionPROTests;
			packageProductDependencies = (
				42B5E0702C1EBEA0007ECB07 /* ViewInspector */,
			);
			productName = Practica_VisionPROTests;
			productReference = 42E8F7022C1A392B0042F91B /* Practica_VisionPROTests.xctest */;
			productType = "com.apple.product-type.bundle.unit-test";
		};
/* End PBXNativeTarget section */

/* Begin PBXProject section */
		42E8F6E32C1A39280042F91B /* Project object */ = {
			isa = PBXProject;
			attributes = {
				BuildIndependentTargetsInParallel = 1;
				LastSwiftUpdateCheck = 1540;
				LastUpgradeCheck = 1540;
				TargetAttributes = {
					42E8F6EA2C1A39280042F91B = {
						CreatedOnToolsVersion = 15.4;
					};
					42E8F7012C1A392B0042F91B = {
						CreatedOnToolsVersion = 15.4;
						TestTargetID = 42E8F6EA2C1A39280042F91B;
					};
				};
			};
			buildConfigurationList = 42E8F6E62C1A39280042F91B /* Build configuration list for PBXProject "Practica_VisionPRO" */;
			compatibilityVersion = "Xcode 14.0";
			developmentRegion = en;
			hasScannedForEncodings = 0;
			knownRegions = (
				en,
				Base,
			);
			mainGroup = 42E8F6E22C1A39280042F91B;
			packageReferences = (
				42B5E06F2C1EBE9E007ECB07 /* XCRemoteSwiftPackageReference "ViewInspector" */,
				424F750F2C1F5A4900F69910 /* XCRemoteSwiftPackageReference "MarvelAppLibrary" */,
			);
			productRefGroup = 42E8F6EC2C1A39280042F91B /* Products */;
			projectDirPath = "";
			projectRoot = "";
			targets = (
				42E8F6EA2C1A39280042F91B /* Practica_VisionPRO */,
				42E8F7012C1A392B0042F91B /* Practica_VisionPROTests */,
			);
		};
/* End PBXProject section */

/* Begin PBXResourcesBuildPhase section */
		42E8F6E92C1A39280042F91B /* Resources */ = {
			isa = PBXResourcesBuildPhase;
			buildActionMask = 2147483647;
			files = (
				42E8F6FC2C1A392B0042F91B /* Preview Assets.xcassets in Resources */,
				42E8F6F92C1A392B0042F91B /* Assets.xcassets in Resources */,
			);
			runOnlyForDeploymentPostprocessing = 0;
		};
		42E8F7002C1A392B0042F91B /* Resources */ = {
			isa = PBXResourcesBuildPhase;
			buildActionMask = 2147483647;
			files = (
			);
			runOnlyForDeploymentPostprocessing = 0;
		};
/* End PBXResourcesBuildPhase section */

/* Begin PBXSourcesBuildPhase section */
		42E8F6E72C1A39280042F91B /* Sources */ = {
			isa = PBXSourcesBuildPhase;
			buildActionMask = 2147483647;
			files = (
				425C1C2D2C1D95B100E9CDBC /* HerosListView.swift in Sources */,
				42B5E06E2C1E2611007ECB07 /* SettingsView.swift in Sources */,
				4227B78D2C1D5C76001CDB17 /* SeriesRepository.swift in Sources */,
				4227B7852C1CCE4B001CDB17 /* MainView.swift in Sources */,
				4227B78B2C1D5C6D001CDB17 /* SeriesRepositoryProtocol.swift in Sources */,
				42E8F7282C1A3B3D0042F91B /* ErrorView.swift in Sources */,
				42E8F7322C1A3BC10042F91B /* Status.swift in Sources */,
				42211FC82C1B6BDE003DE79D /* HerosRowView.swift in Sources */,
				42E8F7242C1A3B100042F91B /* HerosView.swift in Sources */,
				42211FD32C1CBF4C003DE79D /* RootView.swift in Sources */,
				42E8F7262C1A3B250042F91B /* DetailView.swift in Sources */,
				42211FCC2C1B7E41003DE79D /* SeriesRowView.swift in Sources */,
				4227B7872C1D5BF9001CDB17 /* SeriesViewModel.swift in Sources */,
				4227B7892C1D5C5B001CDB17 /* SeriesUseCase.swift in Sources */,
				42E8F7362C1A3CC50042F91B /* HerosRepository.swift in Sources */,
				42E8F73E2C1A3D4A0042F91B /* HerosUseCase.swift in Sources */,
				42E8F6F32C1A39290042F91B /* Practica_VisionPROApp.swift in Sources */,
				42211FCA2C1B7E31003DE79D /* SeriesListView.swift in Sources */,
				42211FC02C1B6286003DE79D /* HerosVIewModel.swift in Sources */,
				42211FD72C1CC14F003DE79D /* ViewModelProtocol.swift in Sources */,
				42E8F72A2C1A3B4C0042F91B /* LoadingView.swift in Sources */,
				42E8F72C2C1A3B5A0042F91B /* SubViews.swift in Sources */,
				42E8F73A2C1A3D0A0042F91B /* HerosRepositoryProtocol.swift in Sources */,
			);
			runOnlyForDeploymentPostprocessing = 0;
		};
		42E8F6FE2C1A392B0042F91B /* Sources */ = {
			isa = PBXSourcesBuildPhase;
			buildActionMask = 2147483647;
			files = (
				4293CA422C1F506800806352 /* SeriesRepositoryTest.swift in Sources */,
				42B5E07C2C1ECC2E007ECB07 /* TestSubViews.swift in Sources */,
				427D1D1B2C1F1A74005BC2D4 /* MainViewTest.swift in Sources */,
				427D1D132C1F065F005BC2D4 /* HerosViewModelTest.swift in Sources */,
				427D1D192C1F0B43005BC2D4 /* HerosViewTest.swift in Sources */,
				427D1D172C1F0A13005BC2D4 /* HerosRowViewTest.swift in Sources */,
				427D1D0B2C1EFF6A005BC2D4 /* SeriesListViewTest.swift in Sources */,
				427D1D062C1EF708005BC2D4 /* SettingsViewTest.swift in Sources */,
				427D1D152C1F077D005BC2D4 /* HerosListViewTest.swift in Sources */,
				427D1D0D2C1F01B3005BC2D4 /* SeriesRowViewTest.swift in Sources */,
				4293CA402C1F4DC400806352 /* HerosRepositoryTest.swift in Sources */,
				42B5E07E2C1ECC9C007ECB07 /* TestLoadingView.swift in Sources */,
				427D1D1D2C1F2640005BC2D4 /* RootViewTest.swift in Sources */,
				4293CA472C1F52A800806352 /* SeriesUseCaseTest.swift in Sources */,
				427D1D102C1F03D7005BC2D4 /* DetailViewTest.swift in Sources */,
				42B5E07A2C1ECBDF007ECB07 /* TestErrorView.swift in Sources */,
				427D1D092C1EF824005BC2D4 /* SeriesViewModelTest.swift in Sources */,
				4293CA4B2C1F550600806352 /* StatusTest.swift in Sources */,
				4293CA492C1F542F00806352 /* HerosUseCaseTest.swift in Sources */,
			);
			runOnlyForDeploymentPostprocessing = 0;
		};
/* End PBXSourcesBuildPhase section */

/* Begin PBXTargetDependency section */
		42E8F7042C1A392B0042F91B /* PBXTargetDependency */ = {
			isa = PBXTargetDependency;
			target = 42E8F6EA2C1A39280042F91B /* Practica_VisionPRO */;
			targetProxy = 42E8F7032C1A392B0042F91B /* PBXContainerItemProxy */;
		};
/* End PBXTargetDependency section */

/* Begin XCBuildConfiguration section */
		42E8F7082C1A392B0042F91B /* Debug */ = {
			isa = XCBuildConfiguration;
			buildSettings = {
				ALWAYS_SEARCH_USER_PATHS = NO;
				ASSETCATALOG_COMPILER_GENERATE_SWIFT_ASSET_SYMBOL_EXTENSIONS = YES;
				CLANG_ANALYZER_NONNULL = YES;
				CLANG_ANALYZER_NUMBER_OBJECT_CONVERSION = YES_AGGRESSIVE;
				CLANG_CXX_LANGUAGE_STANDARD = "gnu++20";
				CLANG_ENABLE_MODULES = YES;
				CLANG_ENABLE_OBJC_ARC = YES;
				CLANG_ENABLE_OBJC_WEAK = YES;
				CLANG_WARN_BLOCK_CAPTURE_AUTORELEASING = YES;
				CLANG_WARN_BOOL_CONVERSION = YES;
				CLANG_WARN_COMMA = YES;
				CLANG_WARN_CONSTANT_CONVERSION = YES;
				CLANG_WARN_DEPRECATED_OBJC_IMPLEMENTATIONS = YES;
				CLANG_WARN_DIRECT_OBJC_ISA_USAGE = YES_ERROR;
				CLANG_WARN_DOCUMENTATION_COMMENTS = YES;
				CLANG_WARN_EMPTY_BODY = YES;
				CLANG_WARN_ENUM_CONVERSION = YES;
				CLANG_WARN_INFINITE_RECURSION = YES;
				CLANG_WARN_INT_CONVERSION = YES;
				CLANG_WARN_NON_LITERAL_NULL_CONVERSION = YES;
				CLANG_WARN_OBJC_IMPLICIT_RETAIN_SELF = YES;
				CLANG_WARN_OBJC_LITERAL_CONVERSION = YES;
				CLANG_WARN_OBJC_ROOT_CLASS = YES_ERROR;
				CLANG_WARN_QUOTED_INCLUDE_IN_FRAMEWORK_HEADER = YES;
				CLANG_WARN_RANGE_LOOP_ANALYSIS = YES;
				CLANG_WARN_STRICT_PROTOTYPES = YES;
				CLANG_WARN_SUSPICIOUS_MOVE = YES;
				CLANG_WARN_UNGUARDED_AVAILABILITY = YES_AGGRESSIVE;
				CLANG_WARN_UNREACHABLE_CODE = YES;
				CLANG_WARN__DUPLICATE_METHOD_MATCH = YES;
				COPY_PHASE_STRIP = NO;
				DEBUG_INFORMATION_FORMAT = dwarf;
				ENABLE_STRICT_OBJC_MSGSEND = YES;
				ENABLE_TESTABILITY = YES;
				ENABLE_USER_SCRIPT_SANDBOXING = YES;
				GCC_C_LANGUAGE_STANDARD = gnu17;
				GCC_DYNAMIC_NO_PIC = NO;
				GCC_NO_COMMON_BLOCKS = YES;
				GCC_OPTIMIZATION_LEVEL = 0;
				GCC_PREPROCESSOR_DEFINITIONS = (
					"DEBUG=1",
					"$(inherited)",
				);
				GCC_WARN_64_TO_32_BIT_CONVERSION = YES;
				GCC_WARN_ABOUT_RETURN_TYPE = YES_ERROR;
				GCC_WARN_UNDECLARED_SELECTOR = YES;
				GCC_WARN_UNINITIALIZED_AUTOS = YES_AGGRESSIVE;
				GCC_WARN_UNUSED_FUNCTION = YES;
				GCC_WARN_UNUSED_VARIABLE = YES;
				LOCALIZATION_PREFERS_STRING_CATALOGS = YES;
				MTL_ENABLE_DEBUG_INFO = INCLUDE_SOURCE;
				MTL_FAST_MATH = YES;
				ONLY_ACTIVE_ARCH = YES;
				SDKROOT = xros;
				SWIFT_ACTIVE_COMPILATION_CONDITIONS = "DEBUG $(inherited)";
				SWIFT_OPTIMIZATION_LEVEL = "-Onone";
				XROS_DEPLOYMENT_TARGET = 1.2;
			};
			name = Debug;
		};
		42E8F7092C1A392B0042F91B /* Release */ = {
			isa = XCBuildConfiguration;
			buildSettings = {
				ALWAYS_SEARCH_USER_PATHS = NO;
				ASSETCATALOG_COMPILER_GENERATE_SWIFT_ASSET_SYMBOL_EXTENSIONS = YES;
				CLANG_ANALYZER_NONNULL = YES;
				CLANG_ANALYZER_NUMBER_OBJECT_CONVERSION = YES_AGGRESSIVE;
				CLANG_CXX_LANGUAGE_STANDARD = "gnu++20";
				CLANG_ENABLE_MODULES = YES;
				CLANG_ENABLE_OBJC_ARC = YES;
				CLANG_ENABLE_OBJC_WEAK = YES;
				CLANG_WARN_BLOCK_CAPTURE_AUTORELEASING = YES;
				CLANG_WARN_BOOL_CONVERSION = YES;
				CLANG_WARN_COMMA = YES;
				CLANG_WARN_CONSTANT_CONVERSION = YES;
				CLANG_WARN_DEPRECATED_OBJC_IMPLEMENTATIONS = YES;
				CLANG_WARN_DIRECT_OBJC_ISA_USAGE = YES_ERROR;
				CLANG_WARN_DOCUMENTATION_COMMENTS = YES;
				CLANG_WARN_EMPTY_BODY = YES;
				CLANG_WARN_ENUM_CONVERSION = YES;
				CLANG_WARN_INFINITE_RECURSION = YES;
				CLANG_WARN_INT_CONVERSION = YES;
				CLANG_WARN_NON_LITERAL_NULL_CONVERSION = YES;
				CLANG_WARN_OBJC_IMPLICIT_RETAIN_SELF = YES;
				CLANG_WARN_OBJC_LITERAL_CONVERSION = YES;
				CLANG_WARN_OBJC_ROOT_CLASS = YES_ERROR;
				CLANG_WARN_QUOTED_INCLUDE_IN_FRAMEWORK_HEADER = YES;
				CLANG_WARN_RANGE_LOOP_ANALYSIS = YES;
				CLANG_WARN_STRICT_PROTOTYPES = YES;
				CLANG_WARN_SUSPICIOUS_MOVE = YES;
				CLANG_WARN_UNGUARDED_AVAILABILITY = YES_AGGRESSIVE;
				CLANG_WARN_UNREACHABLE_CODE = YES;
				CLANG_WARN__DUPLICATE_METHOD_MATCH = YES;
				COPY_PHASE_STRIP = NO;
				DEBUG_INFORMATION_FORMAT = "dwarf-with-dsym";
				ENABLE_NS_ASSERTIONS = NO;
				ENABLE_STRICT_OBJC_MSGSEND = YES;
				ENABLE_USER_SCRIPT_SANDBOXING = YES;
				GCC_C_LANGUAGE_STANDARD = gnu17;
				GCC_NO_COMMON_BLOCKS = YES;
				GCC_WARN_64_TO_32_BIT_CONVERSION = YES;
				GCC_WARN_ABOUT_RETURN_TYPE = YES_ERROR;
				GCC_WARN_UNDECLARED_SELECTOR = YES;
				GCC_WARN_UNINITIALIZED_AUTOS = YES_AGGRESSIVE;
				GCC_WARN_UNUSED_FUNCTION = YES;
				GCC_WARN_UNUSED_VARIABLE = YES;
				LOCALIZATION_PREFERS_STRING_CATALOGS = YES;
				MTL_ENABLE_DEBUG_INFO = NO;
				MTL_FAST_MATH = YES;
				SDKROOT = xros;
				SWIFT_COMPILATION_MODE = wholemodule;
				VALIDATE_PRODUCT = YES;
				XROS_DEPLOYMENT_TARGET = 1.2;
			};
			name = Release;
		};
		42E8F70B2C1A392B0042F91B /* Debug */ = {
			isa = XCBuildConfiguration;
			buildSettings = {
				ASSETCATALOG_COMPILER_APPICON_NAME = AppIcon;
				ASSETCATALOG_COMPILER_GLOBAL_ACCENT_COLOR_NAME = AccentColor;
				CODE_SIGN_STYLE = Automatic;
				CURRENT_PROJECT_VERSION = 1;
				DEVELOPMENT_ASSET_PATHS = "\"Practica_VisionPRO/Preview Content\"";
				DEVELOPMENT_TEAM = L6V6H2LAL2;
				ENABLE_PREVIEWS = YES;
				GENERATE_INFOPLIST_FILE = YES;
				INFOPLIST_FILE = "$(TARGET_NAME)/Info.plist";
				LD_RUNPATH_SEARCH_PATHS = (
					"$(inherited)",
					"@executable_path/Frameworks",
				);
				MARKETING_VERSION = 1.0;
				PRODUCT_BUNDLE_IDENTIFIER = "J.B.C..Marvel-KC.Practica-VisionPRO";
				PRODUCT_NAME = "$(TARGET_NAME)";
				SUPPORTED_PLATFORMS = "xros xrsimulator";
				SWIFT_EMIT_LOC_STRINGS = YES;
				SWIFT_VERSION = 5.0;
				TARGETED_DEVICE_FAMILY = "1,2,7";
			};
			name = Debug;
		};
		42E8F70C2C1A392B0042F91B /* Release */ = {
			isa = XCBuildConfiguration;
			buildSettings = {
				ASSETCATALOG_COMPILER_APPICON_NAME = AppIcon;
				ASSETCATALOG_COMPILER_GLOBAL_ACCENT_COLOR_NAME = AccentColor;
				CODE_SIGN_STYLE = Automatic;
				CURRENT_PROJECT_VERSION = 1;
				DEVELOPMENT_ASSET_PATHS = "\"Practica_VisionPRO/Preview Content\"";
				DEVELOPMENT_TEAM = L6V6H2LAL2;
				ENABLE_PREVIEWS = YES;
				GENERATE_INFOPLIST_FILE = YES;
				INFOPLIST_FILE = "$(TARGET_NAME)/Info.plist";
				LD_RUNPATH_SEARCH_PATHS = (
					"$(inherited)",
					"@executable_path/Frameworks",
				);
				MARKETING_VERSION = 1.0;
				PRODUCT_BUNDLE_IDENTIFIER = "J.B.C..Marvel-KC.Practica-VisionPRO";
				PRODUCT_NAME = "$(TARGET_NAME)";
				SUPPORTED_PLATFORMS = "xros xrsimulator";
				SWIFT_EMIT_LOC_STRINGS = YES;
				SWIFT_VERSION = 5.0;
				TARGETED_DEVICE_FAMILY = "1,2,7";
			};
			name = Release;
		};
		42E8F70E2C1A392B0042F91B /* Debug */ = {
			isa = XCBuildConfiguration;
			buildSettings = {
				ALWAYS_EMBED_SWIFT_STANDARD_LIBRARIES = YES;
				BUNDLE_LOADER = "$(TEST_HOST)";
				CODE_SIGN_STYLE = Automatic;
				CURRENT_PROJECT_VERSION = 1;
				DEVELOPMENT_TEAM = L6V6H2LAL2;
				GENERATE_INFOPLIST_FILE = YES;
				MARKETING_VERSION = 1.0;
				PRODUCT_BUNDLE_IDENTIFIER = "J.B.C..Marvel-KC.Practica-VisionPROTests";
				PRODUCT_NAME = "$(TARGET_NAME)";
				SUPPORTED_PLATFORMS = "xros xrsimulator";
				SWIFT_EMIT_LOC_STRINGS = NO;
				SWIFT_VERSION = 5.0;
				TARGETED_DEVICE_FAMILY = "1,2,7";
				TEST_HOST = "$(BUILT_PRODUCTS_DIR)/Practica_VisionPRO.app/$(BUNDLE_EXECUTABLE_FOLDER_PATH)/Practica_VisionPRO";
				XROS_DEPLOYMENT_TARGET = 1.2;
			};
			name = Debug;
		};
		42E8F70F2C1A392B0042F91B /* Release */ = {
			isa = XCBuildConfiguration;
			buildSettings = {
				ALWAYS_EMBED_SWIFT_STANDARD_LIBRARIES = YES;
				BUNDLE_LOADER = "$(TEST_HOST)";
				CODE_SIGN_STYLE = Automatic;
				CURRENT_PROJECT_VERSION = 1;
				DEVELOPMENT_TEAM = L6V6H2LAL2;
				GENERATE_INFOPLIST_FILE = YES;
				MARKETING_VERSION = 1.0;
				PRODUCT_BUNDLE_IDENTIFIER = "J.B.C..Marvel-KC.Practica-VisionPROTests";
				PRODUCT_NAME = "$(TARGET_NAME)";
				SUPPORTED_PLATFORMS = "xros xrsimulator";
				SWIFT_EMIT_LOC_STRINGS = NO;
				SWIFT_VERSION = 5.0;
				TARGETED_DEVICE_FAMILY = "1,2,7";
				TEST_HOST = "$(BUILT_PRODUCTS_DIR)/Practica_VisionPRO.app/$(BUNDLE_EXECUTABLE_FOLDER_PATH)/Practica_VisionPRO";
				XROS_DEPLOYMENT_TARGET = 1.2;
			};
			name = Release;
		};
/* End XCBuildConfiguration section */

/* Begin XCConfigurationList section */
		42E8F6E62C1A39280042F91B /* Build configuration list for PBXProject "Practica_VisionPRO" */ = {
			isa = XCConfigurationList;
			buildConfigurations = (
				42E8F7082C1A392B0042F91B /* Debug */,
				42E8F7092C1A392B0042F91B /* Release */,
			);
			defaultConfigurationIsVisible = 0;
			defaultConfigurationName = Release;
		};
		42E8F70A2C1A392B0042F91B /* Build configuration list for PBXNativeTarget "Practica_VisionPRO" */ = {
			isa = XCConfigurationList;
			buildConfigurations = (
				42E8F70B2C1A392B0042F91B /* Debug */,
				42E8F70C2C1A392B0042F91B /* Release */,
			);
			defaultConfigurationIsVisible = 0;
			defaultConfigurationName = Release;
		};
		42E8F70D2C1A392B0042F91B /* Build configuration list for PBXNativeTarget "Practica_VisionPROTests" */ = {
			isa = XCConfigurationList;
			buildConfigurations = (
				42E8F70E2C1A392B0042F91B /* Debug */,
				42E8F70F2C1A392B0042F91B /* Release */,
			);
			defaultConfigurationIsVisible = 0;
			defaultConfigurationName = Release;
		};
/* End XCConfigurationList section */

/* Begin XCRemoteSwiftPackageReference section */
		424F750F2C1F5A4900F69910 /* XCRemoteSwiftPackageReference "MarvelAppLibrary" */ = {
			isa = XCRemoteSwiftPackageReference;
			repositoryURL = "https://github.com/Boncroix/MarvelAppLibrary.git";
			requirement = {
				branch = main;
				kind = branch;
			};
		};
		42B5E06F2C1EBE9E007ECB07 /* XCRemoteSwiftPackageReference "ViewInspector" */ = {
			isa = XCRemoteSwiftPackageReference;
			repositoryURL = "git@github.com:nalexn/ViewInspector.git";
			requirement = {
				kind = upToNextMajorVersion;
				minimumVersion = 0.9.11;
			};
		};
/* End XCRemoteSwiftPackageReference section */

/* Begin XCSwiftPackageProductDependency section */
		424F75102C1F5A5700F69910 /* MarvelAppLibrary */ = {
			isa = XCSwiftPackageProductDependency;
			package = 424F750F2C1F5A4900F69910 /* XCRemoteSwiftPackageReference "MarvelAppLibrary" */;
			productName = MarvelAppLibrary;
		};
		42B5E0702C1EBEA0007ECB07 /* ViewInspector */ = {
			isa = XCSwiftPackageProductDependency;
			package = 42B5E06F2C1EBE9E007ECB07 /* XCRemoteSwiftPackageReference "ViewInspector" */;
			productName = ViewInspector;
		};
		42E8F6F02C1A39290042F91B /* RealityKitContent */ = {
			isa = XCSwiftPackageProductDependency;
			productName = RealityKitContent;
		};
/* End XCSwiftPackageProductDependency section */
	};
	rootObject = 42E8F6E32C1A39280042F91B /* Project object */;
}
